
Microsoft Visual Studio Solution File, Format Version 12.00
# Visual Studio Version 17
VisualStudioVersion = 17.6.33829.357
MinimumVisualStudioVersion = 10.0.40219.1
Project("{FAE04EC0-301F-11D3-BF4B-00C04F79EFBC}") = "TokenApi", "TokenApi\TokenApi.csproj", "{107F0EAF-1D35-4016-B7A4-8FBB7A76D157}"
EndProject
Global
	GlobalSection(SolutionConfigurationPlatforms) = preSolution
		Debug|Any CPU = Debug|Any CPU
		Release|Any CPU = Release|Any CPU
	EndGlobalSection
	GlobalSection(ProjectConfigurationPlatforms) = postSolution
		{107F0EAF-1D35-4016-B7A4-8FBB7A76D157}.Debug|Any CPU.ActiveCfg = Debug|Any CPU
		{107F0EAF-1D35-4016-B7A4-8FBB7A76D157}.Debug|Any CPU.Build.0 = Debug|Any CPU
		{107F0EAF-1D35-4016-B7A4-8FBB7A76D157}.Release|Any CPU.ActiveCfg = Release|Any CPU
		{107F0EAF-1D35-4016-B7A4-8FBB7A76D157}.Release|Any CPU.Build.0 = Release|Any CPU
	EndGlobalSection
	GlobalSection(SolutionProperties) = preSolution
		HideSolutionNode = FALSE
	EndGlobalSection
	GlobalSection(ExtensibilityGlobals) = postSolution
		SolutionGuid = {C6DB16EF-70B9-4F00-A151-090A5C267155}
	EndGlobalSection
EndGlobal
